
Microsoft Visual Studio Solution File, Format Version 12.00
Project("{FAE04EC0-301F-11D3-BF4B-00C04F79EFBC}") = "Code4Nothing.Api", "src\Code4Nothing.Api\Code4Nothing.Api.csproj", "{356CAB57-BB21-4043-B261-857607433FE7}"
EndProject
Project("{2150E333-8FDC-42A3-9474-1A3956D46DE8}") = "src", "src", "{BEDCEA7A-9987-49F3-AEC8-C01103A04990}"
EndProject
Project("{2150E333-8FDC-42A3-9474-1A3956D46DE8}") = "tests", "tests", "{C2E9C20C-F598-42D6-9A2D-DFC6B45724CA}"
EndProject
Project("{2150E333-8FDC-42A3-9474-1A3956D46DE8}") = "build", "build", "{0BDACE5F-191D-441D-A76E-BC8A8C81AD03}"
EndProject
Project("{2150E333-8FDC-42A3-9474-1A3956D46DE8}") = "deploy", "deploy", "{B2FD8810-0E5B-4180-BEDE-4D6FD297DB1A}"
EndProject
Project("{2150E333-8FDC-42A3-9474-1A3956D46DE8}") = "docs", "docs", "{98EF3F5C-D287-46DB-AFF8-CA3A634E0AFB}"
EndProject
Project("{2150E333-8FDC-42A3-9474-1A3956D46DE8}") = "ui", "ui", "{84724879-2141-46F4-8E02-73079ACD6C2F}"
EndProject
Project("{FAE04EC0-301F-11D3-BF4B-00C04F79EFBC}") = "Code4Nothing.Blogs", "src\Code4Nothing.Blogs\Code4Nothing.Blogs.csproj", "{60BEDFC5-5086-4254-A6B9-1927341BEF76}"
EndProject
Project("{FAE04EC0-301F-11D3-BF4B-00C04F79EFBC}") = "Code4Nothing.Courses", "src\Code4Nothing.Courses\Code4Nothing.Courses.csproj", "{48AD9D61-7CCF-45B3-86B3-57555B42EA2C}"
EndProject
Project("{FAE04EC0-301F-11D3-BF4B-00C04F79EFBC}") = "Code4Nothing.Projects", "src\Code4Nothing.Projects\Code4Nothing.Projects.csproj", "{9288EA59-A45C-40E1-A38E-9BE7E215C9D4}"
EndProject
Project("{FAE04EC0-301F-11D3-BF4B-00C04F79EFBC}") = "Code4Nothing.SharedDefinitions", "src\Code4Nothing.SharedDefinitions\Code4Nothing.SharedDefinitions.csproj", "{E410A102-5E5C-4228-B5D8-338E81D4E8ED}"
EndProject
Project("{FAE04EC0-301F-11D3-BF4B-00C04F79EFBC}") = "Code4Nothing.EntityFrameworkCore", "src\Code4Nothing.EntityFrameworkCore\Code4Nothing.EntityFrameworkCore.csproj", "{AF70EC52-F0DE-4583-879F-ABDA0C61714E}"
EndProject
Project("{FAE04EC0-301F-11D3-BF4B-00C04F79EFBC}") = "Code4Nothing.ObjectStore", "src\Code4Nothing.ObjectStore\Code4Nothing.ObjectStore.csproj", "{C1EE7CBB-DA81-4AFD-881A-5FBD68EAAD97}"
EndProject
Global
	GlobalSection(SolutionConfigurationPlatforms) = preSolution
		Debug|Any CPU = Debug|Any CPU
		Release|Any CPU = Release|Any CPU
	EndGlobalSection
	GlobalSection(ProjectConfigurationPlatforms) = postSolution
		{356CAB57-BB21-4043-B261-857607433FE7}.Debug|Any CPU.ActiveCfg = Debug|Any CPU
		{356CAB57-BB21-4043-B261-857607433FE7}.Debug|Any CPU.Build.0 = Debug|Any CPU
		{356CAB57-BB21-4043-B261-857607433FE7}.Release|Any CPU.ActiveCfg = Release|Any CPU
		{356CAB57-BB21-4043-B261-857607433FE7}.Release|Any CPU.Build.0 = Release|Any CPU
		{60BEDFC5-5086-4254-A6B9-1927341BEF76}.Debug|Any CPU.ActiveCfg = Debug|Any CPU
		{60BEDFC5-5086-4254-A6B9-1927341BEF76}.Debug|Any CPU.Build.0 = Debug|Any CPU
		{60BEDFC5-5086-4254-A6B9-1927341BEF76}.Release|Any CPU.ActiveCfg = Release|Any CPU
		{60BEDFC5-5086-4254-A6B9-1927341BEF76}.Release|Any CPU.Build.0 = Release|Any CPU
		{48AD9D61-7CCF-45B3-86B3-57555B42EA2C}.Debug|Any CPU.ActiveCfg = Debug|Any CPU
		{48AD9D61-7CCF-45B3-86B3-57555B42EA2C}.Debug|Any CPU.Build.0 = Debug|Any CPU
		{48AD9D61-7CCF-45B3-86B3-57555B42EA2C}.Release|Any CPU.ActiveCfg = Release|Any CPU
		{48AD9D61-7CCF-45B3-86B3-57555B42EA2C}.Release|Any CPU.Build.0 = Release|Any CPU
		{9288EA59-A45C-40E1-A38E-9BE7E215C9D4}.Debug|Any CPU.ActiveCfg = Debug|Any CPU
		{9288EA59-A45C-40E1-A38E-9BE7E215C9D4}.Debug|Any CPU.Build.0 = Debug|Any CPU
		{9288EA59-A45C-40E1-A38E-9BE7E215C9D4}.Release|Any CPU.ActiveCfg = Release|Any CPU
		{9288EA59-A45C-40E1-A38E-9BE7E215C9D4}.Release|Any CPU.Build.0 = Release|Any CPU
		{E410A102-5E5C-4228-B5D8-338E81D4E8ED}.Debug|Any CPU.ActiveCfg = Debug|Any CPU
		{E410A102-5E5C-4228-B5D8-338E81D4E8ED}.Debug|Any CPU.Build.0 = Debug|Any CPU
		{E410A102-5E5C-4228-B5D8-338E81D4E8ED}.Release|Any CPU.ActiveCfg = Release|Any CPU
		{E410A102-5E5C-4228-B5D8-338E81D4E8ED}.Release|Any CPU.Build.0 = Release|Any CPU
		{AF70EC52-F0DE-4583-879F-ABDA0C61714E}.Debug|Any CPU.ActiveCfg = Debug|Any CPU
		{AF70EC52-F0DE-4583-879F-ABDA0C61714E}.Debug|Any CPU.Build.0 = Debug|Any CPU
		{AF70EC52-F0DE-4583-879F-ABDA0C61714E}.Release|Any CPU.ActiveCfg = Release|Any CPU
		{AF70EC52-F0DE-4583-879F-ABDA0C61714E}.Release|Any CPU.Build.0 = Release|Any CPU
		{C1EE7CBB-DA81-4AFD-881A-5FBD68EAAD97}.Debug|Any CPU.ActiveCfg = Debug|Any CPU
		{C1EE7CBB-DA81-4AFD-881A-5FBD68EAAD97}.Debug|Any CPU.Build.0 = Debug|Any CPU
		{C1EE7CBB-DA81-4AFD-881A-5FBD68EAAD97}.Release|Any CPU.ActiveCfg = Release|Any CPU
		{C1EE7CBB-DA81-4AFD-881A-5FBD68EAAD97}.Release|Any CPU.Build.0 = Release|Any CPU
	EndGlobalSection
	GlobalSection(NestedProjects) = preSolution
		{356CAB57-BB21-4043-B261-857607433FE7} = {BEDCEA7A-9987-49F3-AEC8-C01103A04990}
		{60BEDFC5-5086-4254-A6B9-1927341BEF76} = {BEDCEA7A-9987-49F3-AEC8-C01103A04990}
		{48AD9D61-7CCF-45B3-86B3-57555B42EA2C} = {BEDCEA7A-9987-49F3-AEC8-C01103A04990}
		{9288EA59-A45C-40E1-A38E-9BE7E215C9D4} = {BEDCEA7A-9987-49F3-AEC8-C01103A04990}
		{E410A102-5E5C-4228-B5D8-338E81D4E8ED} = {BEDCEA7A-9987-49F3-AEC8-C01103A04990}
		{AF70EC52-F0DE-4583-879F-ABDA0C61714E} = {BEDCEA7A-9987-49F3-AEC8-C01103A04990}
		{C1EE7CBB-DA81-4AFD-881A-5FBD68EAAD97} = {BEDCEA7A-9987-49F3-AEC8-C01103A04990}
	EndGlobalSection
EndGlobal
