
Microsoft Visual Studio Solution File, Format Version 12.00
Project("{FAE04EC0-301F-11D3-BF4B-00C04F79EFBC}") = "Code4Nothing.Api", "src\Code4Nothing.Api\Code4Nothing.Api.csproj", "{356CAB57-BB21-4043-B261-857607433FE7}"
EndProject
Project("{2150E333-8FDC-42A3-9474-1A3956D46DE8}") = "src", "src", "{BEDCEA7A-9987-49F3-AEC8-C01103A04990}"
EndProject
Project("{2150E333-8FDC-42A3-9474-1A3956D46DE8}") = "tests", "tests", "{C2E9C20C-F598-42D6-9A2D-DFC6B45724CA}"
EndProject
Project("{2150E333-8FDC-42A3-9474-1A3956D46DE8}") = "build", "build", "{0BDACE5F-191D-441D-A76E-BC8A8C81AD03}"
EndProject
Project("{2150E333-8FDC-42A3-9474-1A3956D46DE8}") = "deploy", "deploy", "{B2FD8810-0E5B-4180-BEDE-4D6FD297DB1A}"
EndProject
Project("{2150E333-8FDC-42A3-9474-1A3956D46DE8}") = "docs", "docs", "{98EF3F5C-D287-46DB-AFF8-CA3A634E0AFB}"
EndProject
Project("{FAE04EC0-301F-11D3-BF4B-00C04F79EFBC}") = "Code4Nothing.Blogs.Application", "src\Code4Nothing.Blogs.Application\Code4Nothing.Blogs.Application.csproj", "{60BEDFC5-5086-4254-A6B9-1927341BEF76}"
EndProject
Project("{FAE04EC0-301F-11D3-BF4B-00C04F79EFBC}") = "Code4Nothing.Courses.Application", "src\Code4Nothing.Courses.Application\Code4Nothing.Courses.Application.csproj", "{48AD9D61-7CCF-45B3-86B3-57555B42EA2C}"
EndProject
Project("{FAE04EC0-301F-11D3-BF4B-00C04F79EFBC}") = "Code4Nothing.Projects.Application", "src\Code4Nothing.Projects.Application\Code4Nothing.Projects.Application.csproj", "{9288EA59-A45C-40E1-A38E-9BE7E215C9D4}"
EndProject
Project("{FAE04EC0-301F-11D3-BF4B-00C04F79EFBC}") = "Code4Nothing.SharedDefinitions", "src\Code4Nothing.SharedDefinitions\Code4Nothing.SharedDefinitions.csproj", "{E410A102-5E5C-4228-B5D8-338E81D4E8ED}"
EndProject
Project("{FAE04EC0-301F-11D3-BF4B-00C04F79EFBC}") = "Code4Nothing.ObjectStore", "src\Code4Nothing.ObjectStore\Code4Nothing.ObjectStore.csproj", "{C1EE7CBB-DA81-4AFD-881A-5FBD68EAAD97}"
EndProject
Project("{FAE04EC0-301F-11D3-BF4B-00C04F79EFBC}") = "Code4Nothing.MediaUploader", "src\Code4Nothing.MediaUploader\Code4Nothing.MediaUploader.csproj", "{27285A38-561B-40E0-9018-732C57FC7D62}"
EndProject
Project("{FAE04EC0-301F-11D3-BF4B-00C04F79EFBC}") = "Code4Nothing.Blogs.Domain", "src\Code4Nothing.Blogs.Domain\Code4Nothing.Blogs.Domain.csproj", "{CC7FB8FA-0958-42A7-AC99-885B42D36E0D}"
EndProject
Project("{FAE04EC0-301F-11D3-BF4B-00C04F79EFBC}") = "Code4Nothing.Courses.Domain", "src\Code4Nothing.Courses.Domain\Code4Nothing.Courses.Domain.csproj", "{E7EBC919-AB50-4398-81EE-D8357E10B063}"
EndProject
Project("{FAE04EC0-301F-11D3-BF4B-00C04F79EFBC}") = "Code4Nothing.Projects.Domain", "src\Code4Nothing.Projects.Domain\Code4Nothing.Projects.Domain.csproj", "{F70D92E8-6836-4650-8289-ACC3926B0990}"
EndProject
Project("{2150E333-8FDC-42A3-9474-1A3956D46DE8}") = "Blogs", "Blogs", "{4A730FC4-D925-41FC-A55C-597911113847}"
EndProject
Project("{2150E333-8FDC-42A3-9474-1A3956D46DE8}") = "CommonLibraries", "CommonLibraries", "{97DE041D-D87A-41D3-8EA3-BE10A586CDD9}"
EndProject
Project("{2150E333-8FDC-42A3-9474-1A3956D46DE8}") = "Projects", "Projects", "{2BD26752-D76B-41C5-919C-F38AB073819A}"
EndProject
Project("{2150E333-8FDC-42A3-9474-1A3956D46DE8}") = "Courses", "Courses", "{E90FE52B-3FB1-49F5-A8AF-DD0D010B05DE}"
EndProject
Project("{FAE04EC0-301F-11D3-BF4B-00C04F79EFBC}") = "Code4Nothing.Blogs.Infrastructure", "src\Code4Nothing.Blogs.Infrastructure\Code4Nothing.Blogs.Infrastructure.csproj", "{6CF9D46C-9264-4B23-8847-B3C8061ABAA9}"
EndProject
Project("{FAE04EC0-301F-11D3-BF4B-00C04F79EFBC}") = "Code4Nothing.Course.Infrastructure", "src\Code4Nothing.Course.Infrastructure\Code4Nothing.Course.Infrastructure.csproj", "{A918094C-E2C2-4515-AA92-5C026369D2B1}"
EndProject
Project("{FAE04EC0-301F-11D3-BF4B-00C04F79EFBC}") = "Code4Nothing.Projects.Infrastructure", "src\Code4Nothing.Projects.Infrastructure\Code4Nothing.Projects.Infrastructure.csproj", "{365D660E-7681-4F32-A4AA-ECC88526B88A}"
EndProject
Project("{FAE04EC0-301F-11D3-BF4B-00C04F79EFBC}") = "Code4Nothing.LogProvider", "src\Code4Nothing.LogProvider\Code4Nothing.LogProvider.csproj", "{861B749C-6F22-443C-97DE-D684A95DDC4C}"
EndProject
Global
	GlobalSection(SolutionConfigurationPlatforms) = preSolution
		Debug|Any CPU = Debug|Any CPU
		Release|Any CPU = Release|Any CPU
	EndGlobalSection
	GlobalSection(ProjectConfigurationPlatforms) = postSolution
		{356CAB57-BB21-4043-B261-857607433FE7}.Debug|Any CPU.ActiveCfg = Debug|Any CPU
		{356CAB57-BB21-4043-B261-857607433FE7}.Debug|Any CPU.Build.0 = Debug|Any CPU
		{356CAB57-BB21-4043-B261-857607433FE7}.Release|Any CPU.ActiveCfg = Release|Any CPU
		{356CAB57-BB21-4043-B261-857607433FE7}.Release|Any CPU.Build.0 = Release|Any CPU
		{60BEDFC5-5086-4254-A6B9-1927341BEF76}.Debug|Any CPU.ActiveCfg = Debug|Any CPU
		{60BEDFC5-5086-4254-A6B9-1927341BEF76}.Debug|Any CPU.Build.0 = Debug|Any CPU
		{60BEDFC5-5086-4254-A6B9-1927341BEF76}.Release|Any CPU.ActiveCfg = Release|Any CPU
		{60BEDFC5-5086-4254-A6B9-1927341BEF76}.Release|Any CPU.Build.0 = Release|Any CPU
		{48AD9D61-7CCF-45B3-86B3-57555B42EA2C}.Debug|Any CPU.ActiveCfg = Debug|Any CPU
		{48AD9D61-7CCF-45B3-86B3-57555B42EA2C}.Debug|Any CPU.Build.0 = Debug|Any CPU
		{48AD9D61-7CCF-45B3-86B3-57555B42EA2C}.Release|Any CPU.ActiveCfg = Release|Any CPU
		{48AD9D61-7CCF-45B3-86B3-57555B42EA2C}.Release|Any CPU.Build.0 = Release|Any CPU
		{9288EA59-A45C-40E1-A38E-9BE7E215C9D4}.Debug|Any CPU.ActiveCfg = Debug|Any CPU
		{9288EA59-A45C-40E1-A38E-9BE7E215C9D4}.Debug|Any CPU.Build.0 = Debug|Any CPU
		{9288EA59-A45C-40E1-A38E-9BE7E215C9D4}.Release|Any CPU.ActiveCfg = Release|Any CPU
		{9288EA59-A45C-40E1-A38E-9BE7E215C9D4}.Release|Any CPU.Build.0 = Release|Any CPU
		{E410A102-5E5C-4228-B5D8-338E81D4E8ED}.Debug|Any CPU.ActiveCfg = Debug|Any CPU
		{E410A102-5E5C-4228-B5D8-338E81D4E8ED}.Debug|Any CPU.Build.0 = Debug|Any CPU
		{E410A102-5E5C-4228-B5D8-338E81D4E8ED}.Release|Any CPU.ActiveCfg = Release|Any CPU
		{E410A102-5E5C-4228-B5D8-338E81D4E8ED}.Release|Any CPU.Build.0 = Release|Any CPU
		{C1EE7CBB-DA81-4AFD-881A-5FBD68EAAD97}.Debug|Any CPU.ActiveCfg = Debug|Any CPU
		{C1EE7CBB-DA81-4AFD-881A-5FBD68EAAD97}.Debug|Any CPU.Build.0 = Debug|Any CPU
		{C1EE7CBB-DA81-4AFD-881A-5FBD68EAAD97}.Release|Any CPU.ActiveCfg = Release|Any CPU
		{C1EE7CBB-DA81-4AFD-881A-5FBD68EAAD97}.Release|Any CPU.Build.0 = Release|Any CPU
		{27285A38-561B-40E0-9018-732C57FC7D62}.Debug|Any CPU.ActiveCfg = Debug|Any CPU
		{27285A38-561B-40E0-9018-732C57FC7D62}.Debug|Any CPU.Build.0 = Debug|Any CPU
		{27285A38-561B-40E0-9018-732C57FC7D62}.Release|Any CPU.ActiveCfg = Release|Any CPU
		{27285A38-561B-40E0-9018-732C57FC7D62}.Release|Any CPU.Build.0 = Release|Any CPU
		{CC7FB8FA-0958-42A7-AC99-885B42D36E0D}.Debug|Any CPU.ActiveCfg = Debug|Any CPU
		{CC7FB8FA-0958-42A7-AC99-885B42D36E0D}.Debug|Any CPU.Build.0 = Debug|Any CPU
		{CC7FB8FA-0958-42A7-AC99-885B42D36E0D}.Release|Any CPU.ActiveCfg = Release|Any CPU
		{CC7FB8FA-0958-42A7-AC99-885B42D36E0D}.Release|Any CPU.Build.0 = Release|Any CPU
		{E7EBC919-AB50-4398-81EE-D8357E10B063}.Debug|Any CPU.ActiveCfg = Debug|Any CPU
		{E7EBC919-AB50-4398-81EE-D8357E10B063}.Debug|Any CPU.Build.0 = Debug|Any CPU
		{E7EBC919-AB50-4398-81EE-D8357E10B063}.Release|Any CPU.ActiveCfg = Release|Any CPU
		{E7EBC919-AB50-4398-81EE-D8357E10B063}.Release|Any CPU.Build.0 = Release|Any CPU
		{F70D92E8-6836-4650-8289-ACC3926B0990}.Debug|Any CPU.ActiveCfg = Debug|Any CPU
		{F70D92E8-6836-4650-8289-ACC3926B0990}.Debug|Any CPU.Build.0 = Debug|Any CPU
		{F70D92E8-6836-4650-8289-ACC3926B0990}.Release|Any CPU.ActiveCfg = Release|Any CPU
		{F70D92E8-6836-4650-8289-ACC3926B0990}.Release|Any CPU.Build.0 = Release|Any CPU
		{6CF9D46C-9264-4B23-8847-B3C8061ABAA9}.Debug|Any CPU.ActiveCfg = Debug|Any CPU
		{6CF9D46C-9264-4B23-8847-B3C8061ABAA9}.Debug|Any CPU.Build.0 = Debug|Any CPU
		{6CF9D46C-9264-4B23-8847-B3C8061ABAA9}.Release|Any CPU.ActiveCfg = Release|Any CPU
		{6CF9D46C-9264-4B23-8847-B3C8061ABAA9}.Release|Any CPU.Build.0 = Release|Any CPU
		{A918094C-E2C2-4515-AA92-5C026369D2B1}.Debug|Any CPU.ActiveCfg = Debug|Any CPU
		{A918094C-E2C2-4515-AA92-5C026369D2B1}.Debug|Any CPU.Build.0 = Debug|Any CPU
		{A918094C-E2C2-4515-AA92-5C026369D2B1}.Release|Any CPU.ActiveCfg = Release|Any CPU
		{A918094C-E2C2-4515-AA92-5C026369D2B1}.Release|Any CPU.Build.0 = Release|Any CPU
		{365D660E-7681-4F32-A4AA-ECC88526B88A}.Debug|Any CPU.ActiveCfg = Debug|Any CPU
		{365D660E-7681-4F32-A4AA-ECC88526B88A}.Debug|Any CPU.Build.0 = Debug|Any CPU
		{365D660E-7681-4F32-A4AA-ECC88526B88A}.Release|Any CPU.ActiveCfg = Release|Any CPU
		{365D660E-7681-4F32-A4AA-ECC88526B88A}.Release|Any CPU.Build.0 = Release|Any CPU
		{861B749C-6F22-443C-97DE-D684A95DDC4C}.Debug|Any CPU.ActiveCfg = Debug|Any CPU
		{861B749C-6F22-443C-97DE-D684A95DDC4C}.Debug|Any CPU.Build.0 = Debug|Any CPU
		{861B749C-6F22-443C-97DE-D684A95DDC4C}.Release|Any CPU.ActiveCfg = Release|Any CPU
		{861B749C-6F22-443C-97DE-D684A95DDC4C}.Release|Any CPU.Build.0 = Release|Any CPU
	EndGlobalSection
	GlobalSection(NestedProjects) = preSolution
		{356CAB57-BB21-4043-B261-857607433FE7} = {BEDCEA7A-9987-49F3-AEC8-C01103A04990}
		{C1EE7CBB-DA81-4AFD-881A-5FBD68EAAD97} = {BEDCEA7A-9987-49F3-AEC8-C01103A04990}
		{27285A38-561B-40E0-9018-732C57FC7D62} = {BEDCEA7A-9987-49F3-AEC8-C01103A04990}
		{4A730FC4-D925-41FC-A55C-597911113847} = {BEDCEA7A-9987-49F3-AEC8-C01103A04990}
		{97DE041D-D87A-41D3-8EA3-BE10A586CDD9} = {BEDCEA7A-9987-49F3-AEC8-C01103A04990}
		{E410A102-5E5C-4228-B5D8-338E81D4E8ED} = {97DE041D-D87A-41D3-8EA3-BE10A586CDD9}
		{2BD26752-D76B-41C5-919C-F38AB073819A} = {BEDCEA7A-9987-49F3-AEC8-C01103A04990}
		{E90FE52B-3FB1-49F5-A8AF-DD0D010B05DE} = {BEDCEA7A-9987-49F3-AEC8-C01103A04990}
		{60BEDFC5-5086-4254-A6B9-1927341BEF76} = {4A730FC4-D925-41FC-A55C-597911113847}
		{CC7FB8FA-0958-42A7-AC99-885B42D36E0D} = {4A730FC4-D925-41FC-A55C-597911113847}
		{E7EBC919-AB50-4398-81EE-D8357E10B063} = {E90FE52B-3FB1-49F5-A8AF-DD0D010B05DE}
		{48AD9D61-7CCF-45B3-86B3-57555B42EA2C} = {E90FE52B-3FB1-49F5-A8AF-DD0D010B05DE}
		{9288EA59-A45C-40E1-A38E-9BE7E215C9D4} = {2BD26752-D76B-41C5-919C-F38AB073819A}
		{F70D92E8-6836-4650-8289-ACC3926B0990} = {2BD26752-D76B-41C5-919C-F38AB073819A}
		{6CF9D46C-9264-4B23-8847-B3C8061ABAA9} = {4A730FC4-D925-41FC-A55C-597911113847}
		{A918094C-E2C2-4515-AA92-5C026369D2B1} = {E90FE52B-3FB1-49F5-A8AF-DD0D010B05DE}
		{365D660E-7681-4F32-A4AA-ECC88526B88A} = {2BD26752-D76B-41C5-919C-F38AB073819A}
		{861B749C-6F22-443C-97DE-D684A95DDC4C} = {97DE041D-D87A-41D3-8EA3-BE10A586CDD9}
	EndGlobalSection
EndGlobal
